// !$*UTF8*$!
{
	archiveVersion = 1;
	classes = {
	};
	objectVersion = 56;
	objects = {

/* Begin PBXBuildFile section */
		70D26844EF393EFF4268BC6F /* Pods_TinderClone.framework in Frameworks */ = {isa = PBXBuildFile; fileRef = 94241101DDB7DEC8B2FA81F5 /* Pods_TinderClone.framework */; };
		7C5A281D2A2DA69D00B8EF5D /* ProfileController.swift in Sources */ = {isa = PBXBuildFile; fileRef = 7C5A281C2A2DA69D00B8EF5D /* ProfileController.swift */; };
		7C5A281F2A2DB83200B8EF5D /* ProfileCell.swift in Sources */ = {isa = PBXBuildFile; fileRef = 7C5A281E2A2DB83200B8EF5D /* ProfileCell.swift */; };
		7C5A28212A2DC41A00B8EF5D /* ProfileViewModel.swift in Sources */ = {isa = PBXBuildFile; fileRef = 7C5A28202A2DC41A00B8EF5D /* ProfileViewModel.swift */; };
		7C5A28232A2DCAE000B8EF5D /* SegmentBarView.swift in Sources */ = {isa = PBXBuildFile; fileRef = 7C5A28222A2DCADF00B8EF5D /* SegmentBarView.swift */; };
		7C6177FD2A304BB900054BB0 /* MatchView.swift in Sources */ = {isa = PBXBuildFile; fileRef = 7C6177FC2A304BB900054BB0 /* MatchView.swift */; };
		7C6177FF2A3059E400054BB0 /* SendMessageButton.swift in Sources */ = {isa = PBXBuildFile; fileRef = 7C6177FE2A3059E400054BB0 /* SendMessageButton.swift */; };
		7C6178012A3059F600054BB0 /* KeepSwipingButton.swift in Sources */ = {isa = PBXBuildFile; fileRef = 7C6178002A3059F600054BB0 /* KeepSwipingButton.swift */; };
		7C6178032A3065CE00054BB0 /* MatchViewViewModel.swift in Sources */ = {isa = PBXBuildFile; fileRef = 7C6178022A3065CE00054BB0 /* MatchViewViewModel.swift */; };
		7C6178052A30833D00054BB0 /* MessagesController.swift in Sources */ = {isa = PBXBuildFile; fileRef = 7C6178042A30833D00054BB0 /* MessagesController.swift */; };
		7C6178072A308EFC00054BB0 /* MatchHeader.swift in Sources */ = {isa = PBXBuildFile; fileRef = 7C6178062A308EFC00054BB0 /* MatchHeader.swift */; };
		7C6178092A3091C400054BB0 /* MatchCell.swift in Sources */ = {isa = PBXBuildFile; fileRef = 7C6178082A3091C400054BB0 /* MatchCell.swift */; };
		7C61780D2A30D47700054BB0 /* Match.swift in Sources */ = {isa = PBXBuildFile; fileRef = 7C61780C2A30D47700054BB0 /* Match.swift */; };
		7C61780F2A30DE5C00054BB0 /* MatchCellViewModel.swift in Sources */ = {isa = PBXBuildFile; fileRef = 7C61780E2A30DE5C00054BB0 /* MatchCellViewModel.swift */; };
		7C91C96D2A288CE9000EFE45 /* Constant.swift in Sources */ = {isa = PBXBuildFile; fileRef = 7C91C96C2A288CE9000EFE45 /* Constant.swift */; };
		7C91C96F2A28B53F000EFE45 /* SettingsController.swift in Sources */ = {isa = PBXBuildFile; fileRef = 7C91C96E2A28B53F000EFE45 /* SettingsController.swift */; };
		7C91C9712A28B81B000EFE45 /* SettingHeader.swift in Sources */ = {isa = PBXBuildFile; fileRef = 7C91C9702A28B81B000EFE45 /* SettingHeader.swift */; };
		7C91C9732A2A34A9000EFE45 /* SettingCell.swift in Sources */ = {isa = PBXBuildFile; fileRef = 7C91C9722A2A34A9000EFE45 /* SettingCell.swift */; };
		7C91C9752A2A366C000EFE45 /* SettingViewModel.swift in Sources */ = {isa = PBXBuildFile; fileRef = 7C91C9742A2A366C000EFE45 /* SettingViewModel.swift */; };
		7C91C9782A2B99EA000EFE45 /* SettingFooter.swift in Sources */ = {isa = PBXBuildFile; fileRef = 7C91C9772A2B99EA000EFE45 /* SettingFooter.swift */; };
		7CA4433F2A233AC000070381 /* AppDelegate.swift in Sources */ = {isa = PBXBuildFile; fileRef = 7CA4433E2A233AC000070381 /* AppDelegate.swift */; };
		7CA443412A233AC000070381 /* SceneDelegate.swift in Sources */ = {isa = PBXBuildFile; fileRef = 7CA443402A233AC000070381 /* SceneDelegate.swift */; };
		7CA443462A233AC000070381 /* Main.storyboard in Resources */ = {isa = PBXBuildFile; fileRef = 7CA443442A233AC000070381 /* Main.storyboard */; };
		7CA443482A233AC100070381 /* Assets.xcassets in Resources */ = {isa = PBXBuildFile; fileRef = 7CA443472A233AC100070381 /* Assets.xcassets */; };
		7CA4434B2A233AC100070381 /* LaunchScreen.storyboard in Resources */ = {isa = PBXBuildFile; fileRef = 7CA443492A233AC100070381 /* LaunchScreen.storyboard */; };
		7CA443592A233BBE00070381 /* HomeController.swift in Sources */ = {isa = PBXBuildFile; fileRef = 7CA443582A233BBE00070381 /* HomeController.swift */; };
		7CA4435B2A233D2D00070381 /* Extension.swift in Sources */ = {isa = PBXBuildFile; fileRef = 7CA4435A2A233D2D00070381 /* Extension.swift */; };
		7CA4435D2A233DC400070381 /* HomeNavigationStackView.swift in Sources */ = {isa = PBXBuildFile; fileRef = 7CA4435C2A233DC400070381 /* HomeNavigationStackView.swift */; };
		7CA4435F2A23665800070381 /* BottomControlsStackView.swift in Sources */ = {isa = PBXBuildFile; fileRef = 7CA4435E2A23665800070381 /* BottomControlsStackView.swift */; };
		7CA443612A2369F700070381 /* CardView.swift in Sources */ = {isa = PBXBuildFile; fileRef = 7CA443602A2369F700070381 /* CardView.swift */; };
		7CA860102A260D7F008D84BB /* AuthService.swift in Sources */ = {isa = PBXBuildFile; fileRef = 7CA8600F2A260D7F008D84BB /* AuthService.swift */; };
		7CA860122A260D85008D84BB /* Service.swift in Sources */ = {isa = PBXBuildFile; fileRef = 7CA860112A260D85008D84BB /* Service.swift */; };
		7CDBB8342A248A1600E92089 /* CardViewModel.swift in Sources */ = {isa = PBXBuildFile; fileRef = 7CDBB8332A248A1600E92089 /* CardViewModel.swift */; };
		7CDBB8372A249FE500E92089 /* LoginController.swift in Sources */ = {isa = PBXBuildFile; fileRef = 7CDBB8362A249FE500E92089 /* LoginController.swift */; };
		7CDBB8392A24A00200E92089 /* RegistrationController.swift in Sources */ = {isa = PBXBuildFile; fileRef = 7CDBB8382A24A00200E92089 /* RegistrationController.swift */; };
		7CDBB83B2A25D4FA00E92089 /* CustomTextField.swift in Sources */ = {isa = PBXBuildFile; fileRef = 7CDBB83A2A25D4FA00E92089 /* CustomTextField.swift */; };
		7CDBB83D2A25D7DF00E92089 /* AuthButton.swift in Sources */ = {isa = PBXBuildFile; fileRef = 7CDBB83C2A25D7DF00E92089 /* AuthButton.swift */; };
		7CDBB83F2A25F80300E92089 /* AuthenticationViewModel.swift in Sources */ = {isa = PBXBuildFile; fileRef = 7CDBB83E2A25F80300E92089 /* AuthenticationViewModel.swift */; };
		7CDBB8412A2602B500E92089 /* GoogleService-Info.plist in Resources */ = {isa = PBXBuildFile; fileRef = 7CDBB8402A2602B500E92089 /* GoogleService-Info.plist */; };
		7CFD27B02A2488F900AB7ECC /* User.swift in Sources */ = {isa = PBXBuildFile; fileRef = 7CFD27AF2A2488F900AB7ECC /* User.swift */; };
/* End PBXBuildFile section */

/* Begin PBXFileReference section */
		7C5A281C2A2DA69D00B8EF5D /* ProfileController.swift */ = {isa = PBXFileReference; lastKnownFileType = sourcecode.swift; path = ProfileController.swift; sourceTree = "<group>"; };
		7C5A281E2A2DB83200B8EF5D /* ProfileCell.swift */ = {isa = PBXFileReference; lastKnownFileType = sourcecode.swift; path = ProfileCell.swift; sourceTree = "<group>"; };
		7C5A28202A2DC41A00B8EF5D /* ProfileViewModel.swift */ = {isa = PBXFileReference; lastKnownFileType = sourcecode.swift; path = ProfileViewModel.swift; sourceTree = "<group>"; };
		7C5A28222A2DCADF00B8EF5D /* SegmentBarView.swift */ = {isa = PBXFileReference; lastKnownFileType = sourcecode.swift; path = SegmentBarView.swift; sourceTree = "<group>"; };
		7C6177FC2A304BB900054BB0 /* MatchView.swift */ = {isa = PBXFileReference; lastKnownFileType = sourcecode.swift; path = MatchView.swift; sourceTree = "<group>"; };
		7C6177FE2A3059E400054BB0 /* SendMessageButton.swift */ = {isa = PBXFileReference; lastKnownFileType = sourcecode.swift; path = SendMessageButton.swift; sourceTree = "<group>"; };
		7C6178002A3059F600054BB0 /* KeepSwipingButton.swift */ = {isa = PBXFileReference; lastKnownFileType = sourcecode.swift; path = KeepSwipingButton.swift; sourceTree = "<group>"; };
		7C6178022A3065CE00054BB0 /* MatchViewViewModel.swift */ = {isa = PBXFileReference; lastKnownFileType = sourcecode.swift; path = MatchViewViewModel.swift; sourceTree = "<group>"; };
		7C6178042A30833D00054BB0 /* MessagesController.swift */ = {isa = PBXFileReference; lastKnownFileType = sourcecode.swift; path = MessagesController.swift; sourceTree = "<group>"; };
		7C6178062A308EFC00054BB0 /* MatchHeader.swift */ = {isa = PBXFileReference; lastKnownFileType = sourcecode.swift; path = MatchHeader.swift; sourceTree = "<group>"; };
		7C6178082A3091C400054BB0 /* MatchCell.swift */ = {isa = PBXFileReference; lastKnownFileType = sourcecode.swift; path = MatchCell.swift; sourceTree = "<group>"; };
		7C61780C2A30D47700054BB0 /* Match.swift */ = {isa = PBXFileReference; lastKnownFileType = sourcecode.swift; path = Match.swift; sourceTree = "<group>"; };
		7C61780E2A30DE5C00054BB0 /* MatchCellViewModel.swift */ = {isa = PBXFileReference; lastKnownFileType = sourcecode.swift; path = MatchCellViewModel.swift; sourceTree = "<group>"; };
		7C91C96C2A288CE9000EFE45 /* Constant.swift */ = {isa = PBXFileReference; lastKnownFileType = sourcecode.swift; path = Constant.swift; sourceTree = "<group>"; };
		7C91C96E2A28B53F000EFE45 /* SettingsController.swift */ = {isa = PBXFileReference; lastKnownFileType = sourcecode.swift; path = SettingsController.swift; sourceTree = "<group>"; };
		7C91C9702A28B81B000EFE45 /* SettingHeader.swift */ = {isa = PBXFileReference; lastKnownFileType = sourcecode.swift; path = SettingHeader.swift; sourceTree = "<group>"; };
		7C91C9722A2A34A9000EFE45 /* SettingCell.swift */ = {isa = PBXFileReference; lastKnownFileType = sourcecode.swift; path = SettingCell.swift; sourceTree = "<group>"; };
		7C91C9742A2A366C000EFE45 /* SettingViewModel.swift */ = {isa = PBXFileReference; lastKnownFileType = sourcecode.swift; path = SettingViewModel.swift; sourceTree = "<group>"; };
		7C91C9772A2B99EA000EFE45 /* SettingFooter.swift */ = {isa = PBXFileReference; lastKnownFileType = sourcecode.swift; path = SettingFooter.swift; sourceTree = "<group>"; };
		7CA4433B2A233AC000070381 /* TinderClone.app */ = {isa = PBXFileReference; explicitFileType = wrapper.application; includeInIndex = 0; path = TinderClone.app; sourceTree = BUILT_PRODUCTS_DIR; };
		7CA4433E2A233AC000070381 /* AppDelegate.swift */ = {isa = PBXFileReference; lastKnownFileType = sourcecode.swift; path = AppDelegate.swift; sourceTree = "<group>"; };
		7CA443402A233AC000070381 /* SceneDelegate.swift */ = {isa = PBXFileReference; lastKnownFileType = sourcecode.swift; path = SceneDelegate.swift; sourceTree = "<group>"; };
		7CA443452A233AC000070381 /* Base */ = {isa = PBXFileReference; lastKnownFileType = file.storyboard; name = Base; path = Base.lproj/Main.storyboard; sourceTree = "<group>"; };
		7CA443472A233AC100070381 /* Assets.xcassets */ = {isa = PBXFileReference; lastKnownFileType = folder.assetcatalog; path = Assets.xcassets; sourceTree = "<group>"; };
		7CA4434A2A233AC100070381 /* Base */ = {isa = PBXFileReference; lastKnownFileType = file.storyboard; name = Base; path = Base.lproj/LaunchScreen.storyboard; sourceTree = "<group>"; };
		7CA4434C2A233AC100070381 /* Info.plist */ = {isa = PBXFileReference; lastKnownFileType = text.plist.xml; path = Info.plist; sourceTree = "<group>"; };
		7CA443582A233BBE00070381 /* HomeController.swift */ = {isa = PBXFileReference; lastKnownFileType = sourcecode.swift; path = HomeController.swift; sourceTree = "<group>"; };
		7CA4435A2A233D2D00070381 /* Extension.swift */ = {isa = PBXFileReference; lastKnownFileType = sourcecode.swift; path = Extension.swift; sourceTree = "<group>"; };
		7CA4435C2A233DC400070381 /* HomeNavigationStackView.swift */ = {isa = PBXFileReference; lastKnownFileType = sourcecode.swift; path = HomeNavigationStackView.swift; sourceTree = "<group>"; };
		7CA4435E2A23665800070381 /* BottomControlsStackView.swift */ = {isa = PBXFileReference; lastKnownFileType = sourcecode.swift; path = BottomControlsStackView.swift; sourceTree = "<group>"; };
		7CA443602A2369F700070381 /* CardView.swift */ = {isa = PBXFileReference; lastKnownFileType = sourcecode.swift; path = CardView.swift; sourceTree = "<group>"; };
		7CA8600F2A260D7F008D84BB /* AuthService.swift */ = {isa = PBXFileReference; lastKnownFileType = sourcecode.swift; path = AuthService.swift; sourceTree = "<group>"; };
		7CA860112A260D85008D84BB /* Service.swift */ = {isa = PBXFileReference; lastKnownFileType = sourcecode.swift; path = Service.swift; sourceTree = "<group>"; };
		7CDBB8332A248A1600E92089 /* CardViewModel.swift */ = {isa = PBXFileReference; lastKnownFileType = sourcecode.swift; path = CardViewModel.swift; sourceTree = "<group>"; };
		7CDBB8362A249FE500E92089 /* LoginController.swift */ = {isa = PBXFileReference; lastKnownFileType = sourcecode.swift; path = LoginController.swift; sourceTree = "<group>"; };
		7CDBB8382A24A00200E92089 /* RegistrationController.swift */ = {isa = PBXFileReference; lastKnownFileType = sourcecode.swift; path = RegistrationController.swift; sourceTree = "<group>"; };
		7CDBB83A2A25D4FA00E92089 /* CustomTextField.swift */ = {isa = PBXFileReference; lastKnownFileType = sourcecode.swift; path = CustomTextField.swift; sourceTree = "<group>"; };
		7CDBB83C2A25D7DF00E92089 /* AuthButton.swift */ = {isa = PBXFileReference; lastKnownFileType = sourcecode.swift; path = AuthButton.swift; sourceTree = "<group>"; };
		7CDBB83E2A25F80300E92089 /* AuthenticationViewModel.swift */ = {isa = PBXFileReference; lastKnownFileType = sourcecode.swift; path = AuthenticationViewModel.swift; sourceTree = "<group>"; };
		7CDBB8402A2602B500E92089 /* GoogleService-Info.plist */ = {isa = PBXFileReference; fileEncoding = 4; lastKnownFileType = text.plist.xml; path = "GoogleService-Info.plist"; sourceTree = "<group>"; };
		7CFD27AF2A2488F900AB7ECC /* User.swift */ = {isa = PBXFileReference; lastKnownFileType = sourcecode.swift; path = User.swift; sourceTree = "<group>"; };
		94241101DDB7DEC8B2FA81F5 /* Pods_TinderClone.framework */ = {isa = PBXFileReference; explicitFileType = wrapper.framework; includeInIndex = 0; path = Pods_TinderClone.framework; sourceTree = BUILT_PRODUCTS_DIR; };
		D7AC1FC0C692F13A879D1DAA /* Pods-TinderClone.release.xcconfig */ = {isa = PBXFileReference; includeInIndex = 1; lastKnownFileType = text.xcconfig; name = "Pods-TinderClone.release.xcconfig"; path = "Target Support Files/Pods-TinderClone/Pods-TinderClone.release.xcconfig"; sourceTree = "<group>"; };
		F7FD30DEA2CFFC2F5F0DFFCE /* Pods-TinderClone.debug.xcconfig */ = {isa = PBXFileReference; includeInIndex = 1; lastKnownFileType = text.xcconfig; name = "Pods-TinderClone.debug.xcconfig"; path = "Target Support Files/Pods-TinderClone/Pods-TinderClone.debug.xcconfig"; sourceTree = "<group>"; };
/* End PBXFileReference section */

/* Begin PBXFrameworksBuildPhase section */
		7CA443382A233AC000070381 /* Frameworks */ = {
			isa = PBXFrameworksBuildPhase;
			buildActionMask = 2147483647;
			files = (
				70D26844EF393EFF4268BC6F /* Pods_TinderClone.framework in Frameworks */,
			);
			runOnlyForDeploymentPostprocessing = 0;
		};
/* End PBXFrameworksBuildPhase section */

/* Begin PBXGroup section */
		328FE4D3B823A0BA8D265618 /* Pods */ = {
			isa = PBXGroup;
			children = (
				F7FD30DEA2CFFC2F5F0DFFCE /* Pods-TinderClone.debug.xcconfig */,
				D7AC1FC0C692F13A879D1DAA /* Pods-TinderClone.release.xcconfig */,
			);
			path = Pods;
			sourceTree = "<group>";
		};
		7C91C9762A2B99C5000EFE45 /* Settings */ = {
			isa = PBXGroup;
			children = (
				7C91C9702A28B81B000EFE45 /* SettingHeader.swift */,
				7C91C9722A2A34A9000EFE45 /* SettingCell.swift */,
				7C91C9772A2B99EA000EFE45 /* SettingFooter.swift */,
			);
			path = Settings;
			sourceTree = "<group>";
		};
		7CA443322A233AC000070381 = {
			isa = PBXGroup;
			children = (
				7CA4433D2A233AC000070381 /* TinderClone */,
				7CA4433C2A233AC000070381 /* Products */,
				328FE4D3B823A0BA8D265618 /* Pods */,
				AA94C159E7522CBFBFE36AC5 /* Frameworks */,
			);
			sourceTree = "<group>";
		};
		7CA4433C2A233AC000070381 /* Products */ = {
			isa = PBXGroup;
			children = (
				7CA4433B2A233AC000070381 /* TinderClone.app */,
			);
			name = Products;
			sourceTree = "<group>";
		};
		7CA4433D2A233AC000070381 /* TinderClone */ = {
			isa = PBXGroup;
			children = (
				7CA443572A233AFA00070381 /* Model */,
				7CA443562A233AF800070381 /* View */,
				7CA443552A233AF200070381 /* ViewModel */,
				7CA443542A233AF000070381 /* Controller */,
				7CA443532A233AED00070381 /* API */,
				7CA443522A233AD400070381 /* Utils */,
				7CA4433E2A233AC000070381 /* AppDelegate.swift */,
				7CA443402A233AC000070381 /* SceneDelegate.swift */,
				7CA443442A233AC000070381 /* Main.storyboard */,
				7CA443472A233AC100070381 /* Assets.xcassets */,
				7CA443492A233AC100070381 /* LaunchScreen.storyboard */,
				7CDBB8402A2602B500E92089 /* GoogleService-Info.plist */,
				7CA4434C2A233AC100070381 /* Info.plist */,
			);
			path = TinderClone;
			sourceTree = "<group>";
		};
		7CA443522A233AD400070381 /* Utils */ = {
			isa = PBXGroup;
			children = (
				7CA4435A2A233D2D00070381 /* Extension.swift */,
				7CDBB83A2A25D4FA00E92089 /* CustomTextField.swift */,
				7CDBB83C2A25D7DF00E92089 /* AuthButton.swift */,
				7C91C96C2A288CE9000EFE45 /* Constant.swift */,
			);
			path = Utils;
			sourceTree = "<group>";
		};
		7CA443532A233AED00070381 /* API */ = {
			isa = PBXGroup;
			children = (
				7CA8600F2A260D7F008D84BB /* AuthService.swift */,
				7CA860112A260D85008D84BB /* Service.swift */,
			);
			path = API;
			sourceTree = "<group>";
		};
		7CA443542A233AF000070381 /* Controller */ = {
			isa = PBXGroup;
			children = (
				7CDBB8352A249FA800E92089 /* Authentication */,
				7CA443582A233BBE00070381 /* HomeController.swift */,
				7C91C96E2A28B53F000EFE45 /* SettingsController.swift */,
				7C5A281C2A2DA69D00B8EF5D /* ProfileController.swift */,
				7C6178042A30833D00054BB0 /* MessagesController.swift */,
			);
			path = Controller;
			sourceTree = "<group>";
		};
		7CA443552A233AF200070381 /* ViewModel */ = {
			isa = PBXGroup;
			children = (
				7CDBB8332A248A1600E92089 /* CardViewModel.swift */,
				7CDBB83E2A25F80300E92089 /* AuthenticationViewModel.swift */,
				7C91C9742A2A366C000EFE45 /* SettingViewModel.swift */,
				7C5A28202A2DC41A00B8EF5D /* ProfileViewModel.swift */,
				7C6178022A3065CE00054BB0 /* MatchViewViewModel.swift */,
				7C61780E2A30DE5C00054BB0 /* MatchCellViewModel.swift */,
			);
			name = ViewModel;
			sourceTree = "<group>";
		};
		7CA443562A233AF800070381 /* View */ = {
			isa = PBXGroup;
			children = (
				7C91C9762A2B99C5000EFE45 /* Settings */,
				7CA4435C2A233DC400070381 /* HomeNavigationStackView.swift */,
				7CA4435E2A23665800070381 /* BottomControlsStackView.swift */,
				7CA443602A2369F700070381 /* CardView.swift */,
				7C5A281E2A2DB83200B8EF5D /* ProfileCell.swift */,
				7C5A28222A2DCADF00B8EF5D /* SegmentBarView.swift */,
				7C6177FC2A304BB900054BB0 /* MatchView.swift */,
				7C6177FE2A3059E400054BB0 /* SendMessageButton.swift */,
				7C6178002A3059F600054BB0 /* KeepSwipingButton.swift */,
				7C6178062A308EFC00054BB0 /* MatchHeader.swift */,
				7C6178082A3091C400054BB0 /* MatchCell.swift */,
			);
			path = View;
			sourceTree = "<group>";
		};
		7CA443572A233AFA00070381 /* Model */ = {
			isa = PBXGroup;
			children = (
				7CFD27AF2A2488F900AB7ECC /* User.swift */,
				7C61780C2A30D47700054BB0 /* Match.swift */,
			);
			path = Model;
			sourceTree = "<group>";
		};
		7CDBB8352A249FA800E92089 /* Authentication */ = {
			isa = PBXGroup;
			children = (
				7CDBB8362A249FE500E92089 /* LoginController.swift */,
				7CDBB8382A24A00200E92089 /* RegistrationController.swift */,
			);
			path = Authentication;
			sourceTree = "<group>";
		};
		AA94C159E7522CBFBFE36AC5 /* Frameworks */ = {
			isa = PBXGroup;
			children = (
				94241101DDB7DEC8B2FA81F5 /* Pods_TinderClone.framework */,
			);
			name = Frameworks;
			sourceTree = "<group>";
		};
/* End PBXGroup section */

/* Begin PBXNativeTarget section */
		7CA4433A2A233AC000070381 /* TinderClone */ = {
			isa = PBXNativeTarget;
			buildConfigurationList = 7CA4434F2A233AC100070381 /* Build configuration list for PBXNativeTarget "TinderClone" */;
			buildPhases = (
				DA8F5BC98117319AF6377E71 /* [CP] Check Pods Manifest.lock */,
				7CA443372A233AC000070381 /* Sources */,
				7CA443382A233AC000070381 /* Frameworks */,
				7CA443392A233AC000070381 /* Resources */,
				76A543DA7B258F87BA758A27 /* [CP] Embed Pods Frameworks */,
			);
			buildRules = (
			);
			dependencies = (
			);
			name = TinderClone;
			productName = TinderClone;
			productReference = 7CA4433B2A233AC000070381 /* TinderClone.app */;
			productType = "com.apple.product-type.application";
		};
/* End PBXNativeTarget section */

/* Begin PBXProject section */
		7CA443332A233AC000070381 /* Project object */ = {
			isa = PBXProject;
			attributes = {
				BuildIndependentTargetsInParallel = 1;
				LastSwiftUpdateCheck = 1430;
				LastUpgradeCheck = 1430;
				TargetAttributes = {
					7CA4433A2A233AC000070381 = {
						CreatedOnToolsVersion = 14.3;
					};
				};
			};
			buildConfigurationList = 7CA443362A233AC000070381 /* Build configuration list for PBXProject "TinderClone" */;
			compatibilityVersion = "Xcode 14.0";
			developmentRegion = en;
			hasScannedForEncodings = 0;
			knownRegions = (
				en,
				Base,
			);
			mainGroup = 7CA443322A233AC000070381;
			productRefGroup = 7CA4433C2A233AC000070381 /* Products */;
			projectDirPath = "";
			projectRoot = "";
			targets = (
				7CA4433A2A233AC000070381 /* TinderClone */,
			);
		};
/* End PBXProject section */

/* Begin PBXResourcesBuildPhase section */
		7CA443392A233AC000070381 /* Resources */ = {
			isa = PBXResourcesBuildPhase;
			buildActionMask = 2147483647;
			files = (
				7CA4434B2A233AC100070381 /* LaunchScreen.storyboard in Resources */,
				7CDBB8412A2602B500E92089 /* GoogleService-Info.plist in Resources */,
				7CA443482A233AC100070381 /* Assets.xcassets in Resources */,
				7CA443462A233AC000070381 /* Main.storyboard in Resources */,
			);
			runOnlyForDeploymentPostprocessing = 0;
		};
/* End PBXResourcesBuildPhase section */

/* Begin PBXShellScriptBuildPhase section */
		76A543DA7B258F87BA758A27 /* [CP] Embed Pods Frameworks */ = {
			isa = PBXShellScriptBuildPhase;
			buildActionMask = 2147483647;
			files = (
			);
			inputFileListPaths = (
				"${PODS_ROOT}/Target Support Files/Pods-TinderClone/Pods-TinderClone-frameworks-${CONFIGURATION}-input-files.xcfilelist",
			);
			name = "[CP] Embed Pods Frameworks";
			outputFileListPaths = (
				"${PODS_ROOT}/Target Support Files/Pods-TinderClone/Pods-TinderClone-frameworks-${CONFIGURATION}-output-files.xcfilelist",
			);
			runOnlyForDeploymentPostprocessing = 0;
			shellPath = /bin/sh;
			shellScript = "\"${PODS_ROOT}/Target Support Files/Pods-TinderClone/Pods-TinderClone-frameworks.sh\"\n";
			showEnvVarsInLog = 0;
		};
		DA8F5BC98117319AF6377E71 /* [CP] Check Pods Manifest.lock */ = {
			isa = PBXShellScriptBuildPhase;
			buildActionMask = 2147483647;
			files = (
			);
			inputFileListPaths = (
			);
			inputPaths = (
				"${PODS_PODFILE_DIR_PATH}/Podfile.lock",
				"${PODS_ROOT}/Manifest.lock",
			);
			name = "[CP] Check Pods Manifest.lock";
			outputFileListPaths = (
			);
			outputPaths = (
				"$(DERIVED_FILE_DIR)/Pods-TinderClone-checkManifestLockResult.txt",
			);
			runOnlyForDeploymentPostprocessing = 0;
			shellPath = /bin/sh;
			shellScript = "diff \"${PODS_PODFILE_DIR_PATH}/Podfile.lock\" \"${PODS_ROOT}/Manifest.lock\" > /dev/null\nif [ $? != 0 ] ; then\n    # print error to STDERR\n    echo \"error: The sandbox is not in sync with the Podfile.lock. Run 'pod install' or update your CocoaPods installation.\" >&2\n    exit 1\nfi\n# This output is used by Xcode 'outputs' to avoid re-running this script phase.\necho \"SUCCESS\" > \"${SCRIPT_OUTPUT_FILE_0}\"\n";
			showEnvVarsInLog = 0;
		};
/* End PBXShellScriptBuildPhase section */

/* Begin PBXSourcesBuildPhase section */
		7CA443372A233AC000070381 /* Sources */ = {
			isa = PBXSourcesBuildPhase;
			buildActionMask = 2147483647;
			files = (
				7C91C96F2A28B53F000EFE45 /* SettingsController.swift in Sources */,
				7C91C9752A2A366C000EFE45 /* SettingViewModel.swift in Sources */,
				7C6178072A308EFC00054BB0 /* MatchHeader.swift in Sources */,
				7C91C9712A28B81B000EFE45 /* SettingHeader.swift in Sources */,
				7C91C9782A2B99EA000EFE45 /* SettingFooter.swift in Sources */,
				7CA443612A2369F700070381 /* CardView.swift in Sources */,
				7C91C96D2A288CE9000EFE45 /* Constant.swift in Sources */,
				7C6178052A30833D00054BB0 /* MessagesController.swift in Sources */,
				7CDBB83D2A25D7DF00E92089 /* AuthButton.swift in Sources */,
				7CDBB83F2A25F80300E92089 /* AuthenticationViewModel.swift in Sources */,
				7C61780F2A30DE5C00054BB0 /* MatchCellViewModel.swift in Sources */,
				7C5A28232A2DCAE000B8EF5D /* SegmentBarView.swift in Sources */,
				7CA4435F2A23665800070381 /* BottomControlsStackView.swift in Sources */,
				7C5A281D2A2DA69D00B8EF5D /* ProfileController.swift in Sources */,
				7CA4433F2A233AC000070381 /* AppDelegate.swift in Sources */,
				7CA4435D2A233DC400070381 /* HomeNavigationStackView.swift in Sources */,
				7C6177FD2A304BB900054BB0 /* MatchView.swift in Sources */,
				7CFD27B02A2488F900AB7ECC /* User.swift in Sources */,
				7CA443412A233AC000070381 /* SceneDelegate.swift in Sources */,
				7C5A28212A2DC41A00B8EF5D /* ProfileViewModel.swift in Sources */,
				7CDBB8392A24A00200E92089 /* RegistrationController.swift in Sources */,
				7CA860122A260D85008D84BB /* Service.swift in Sources */,
				7C6178032A3065CE00054BB0 /* MatchViewViewModel.swift in Sources */,
				7CA443592A233BBE00070381 /* HomeController.swift in Sources */,
				7CDBB83B2A25D4FA00E92089 /* CustomTextField.swift in Sources */,
				7CA4435B2A233D2D00070381 /* Extension.swift in Sources */,
				7C61780D2A30D47700054BB0 /* Match.swift in Sources */,
				7CA860102A260D7F008D84BB /* AuthService.swift in Sources */,
				7CDBB8342A248A1600E92089 /* CardViewModel.swift in Sources */,
				7C6178012A3059F600054BB0 /* KeepSwipingButton.swift in Sources */,
				7C5A281F2A2DB83200B8EF5D /* ProfileCell.swift in Sources */,
				7C6177FF2A3059E400054BB0 /* SendMessageButton.swift in Sources */,
				7C6178092A3091C400054BB0 /* MatchCell.swift in Sources */,
				7C91C9732A2A34A9000EFE45 /* SettingCell.swift in Sources */,
				7CDBB8372A249FE500E92089 /* LoginController.swift in Sources */,
			);
			runOnlyForDeploymentPostprocessing = 0;
		};
/* End PBXSourcesBuildPhase section */

/* Begin PBXVariantGroup section */
		7CA443442A233AC000070381 /* Main.storyboard */ = {
			isa = PBXVariantGroup;
			children = (
				7CA443452A233AC000070381 /* Base */,
			);
			name = Main.storyboard;
			sourceTree = "<group>";
		};
		7CA443492A233AC100070381 /* LaunchScreen.storyboard */ = {
			isa = PBXVariantGroup;
			children = (
				7CA4434A2A233AC100070381 /* Base */,
			);
			name = LaunchScreen.storyboard;
			sourceTree = "<group>";
		};
/* End PBXVariantGroup section */

/* Begin XCBuildConfiguration section */
		7CA4434D2A233AC100070381 /* Debug */ = {
			isa = XCBuildConfiguration;
			buildSettings = {
				ALWAYS_SEARCH_USER_PATHS = NO;
				CLANG_ANALYZER_NONNULL = YES;
				CLANG_ANALYZER_NUMBER_OBJECT_CONVERSION = YES_AGGRESSIVE;
				CLANG_CXX_LANGUAGE_STANDARD = "gnu++20";
				CLANG_ENABLE_MODULES = YES;
				CLANG_ENABLE_OBJC_ARC = YES;
				CLANG_ENABLE_OBJC_WEAK = YES;
				CLANG_WARN_BLOCK_CAPTURE_AUTORELEASING = YES;
				CLANG_WARN_BOOL_CONVERSION = YES;
				CLANG_WARN_COMMA = YES;
				CLANG_WARN_CONSTANT_CONVERSION = YES;
				CLANG_WARN_DEPRECATED_OBJC_IMPLEMENTATIONS = YES;
				CLANG_WARN_DIRECT_OBJC_ISA_USAGE = YES_ERROR;
				CLANG_WARN_DOCUMENTATION_COMMENTS = YES;
				CLANG_WARN_EMPTY_BODY = YES;
				CLANG_WARN_ENUM_CONVERSION = YES;
				CLANG_WARN_INFINITE_RECURSION = YES;
				CLANG_WARN_INT_CONVERSION = YES;
				CLANG_WARN_NON_LITERAL_NULL_CONVERSION = YES;
				CLANG_WARN_OBJC_IMPLICIT_RETAIN_SELF = YES;
				CLANG_WARN_OBJC_LITERAL_CONVERSION = YES;
				CLANG_WARN_OBJC_ROOT_CLASS = YES_ERROR;
				CLANG_WARN_QUOTED_INCLUDE_IN_FRAMEWORK_HEADER = YES;
				CLANG_WARN_RANGE_LOOP_ANALYSIS = YES;
				CLANG_WARN_STRICT_PROTOTYPES = YES;
				CLANG_WARN_SUSPICIOUS_MOVE = YES;
				CLANG_WARN_UNGUARDED_AVAILABILITY = YES_AGGRESSIVE;
				CLANG_WARN_UNREACHABLE_CODE = YES;
				CLANG_WARN__DUPLICATE_METHOD_MATCH = YES;
				COPY_PHASE_STRIP = NO;
				DEBUG_INFORMATION_FORMAT = dwarf;
				ENABLE_STRICT_OBJC_MSGSEND = YES;
				ENABLE_TESTABILITY = YES;
				GCC_C_LANGUAGE_STANDARD = gnu11;
				GCC_DYNAMIC_NO_PIC = NO;
				GCC_NO_COMMON_BLOCKS = YES;
				GCC_OPTIMIZATION_LEVEL = 0;
				GCC_PREPROCESSOR_DEFINITIONS = (
					"DEBUG=1",
					"$(inherited)",
				);
				GCC_WARN_64_TO_32_BIT_CONVERSION = YES;
				GCC_WARN_ABOUT_RETURN_TYPE = YES_ERROR;
				GCC_WARN_UNDECLARED_SELECTOR = YES;
				GCC_WARN_UNINITIALIZED_AUTOS = YES_AGGRESSIVE;
				GCC_WARN_UNUSED_FUNCTION = YES;
				GCC_WARN_UNUSED_VARIABLE = YES;
				IPHONEOS_DEPLOYMENT_TARGET = 16.4;
				MTL_ENABLE_DEBUG_INFO = INCLUDE_SOURCE;
				MTL_FAST_MATH = YES;
				ONLY_ACTIVE_ARCH = YES;
				SDKROOT = iphoneos;
				SWIFT_ACTIVE_COMPILATION_CONDITIONS = DEBUG;
				SWIFT_OPTIMIZATION_LEVEL = "-Onone";
			};
			name = Debug;
		};
		7CA4434E2A233AC100070381 /* Release */ = {
			isa = XCBuildConfiguration;
			buildSettings = {
				ALWAYS_SEARCH_USER_PATHS = NO;
				CLANG_ANALYZER_NONNULL = YES;
				CLANG_ANALYZER_NUMBER_OBJECT_CONVERSION = YES_AGGRESSIVE;
				CLANG_CXX_LANGUAGE_STANDARD = "gnu++20";
				CLANG_ENABLE_MODULES = YES;
				CLANG_ENABLE_OBJC_ARC = YES;
				CLANG_ENABLE_OBJC_WEAK = YES;
				CLANG_WARN_BLOCK_CAPTURE_AUTORELEASING = YES;
				CLANG_WARN_BOOL_CONVERSION = YES;
				CLANG_WARN_COMMA = YES;
				CLANG_WARN_CONSTANT_CONVERSION = YES;
				CLANG_WARN_DEPRECATED_OBJC_IMPLEMENTATIONS = YES;
				CLANG_WARN_DIRECT_OBJC_ISA_USAGE = YES_ERROR;
				CLANG_WARN_DOCUMENTATION_COMMENTS = YES;
				CLANG_WARN_EMPTY_BODY = YES;
				CLANG_WARN_ENUM_CONVERSION = YES;
				CLANG_WARN_INFINITE_RECURSION = YES;
				CLANG_WARN_INT_CONVERSION = YES;
				CLANG_WARN_NON_LITERAL_NULL_CONVERSION = YES;
				CLANG_WARN_OBJC_IMPLICIT_RETAIN_SELF = YES;
				CLANG_WARN_OBJC_LITERAL_CONVERSION = YES;
				CLANG_WARN_OBJC_ROOT_CLASS = YES_ERROR;
				CLANG_WARN_QUOTED_INCLUDE_IN_FRAMEWORK_HEADER = YES;
				CLANG_WARN_RANGE_LOOP_ANALYSIS = YES;
				CLANG_WARN_STRICT_PROTOTYPES = YES;
				CLANG_WARN_SUSPICIOUS_MOVE = YES;
				CLANG_WARN_UNGUARDED_AVAILABILITY = YES_AGGRESSIVE;
				CLANG_WARN_UNREACHABLE_CODE = YES;
				CLANG_WARN__DUPLICATE_METHOD_MATCH = YES;
				COPY_PHASE_STRIP = NO;
				DEBUG_INFORMATION_FORMAT = "dwarf-with-dsym";
				ENABLE_NS_ASSERTIONS = NO;
				ENABLE_STRICT_OBJC_MSGSEND = YES;
				GCC_C_LANGUAGE_STANDARD = gnu11;
				GCC_NO_COMMON_BLOCKS = YES;
				GCC_WARN_64_TO_32_BIT_CONVERSION = YES;
				GCC_WARN_ABOUT_RETURN_TYPE = YES_ERROR;
				GCC_WARN_UNDECLARED_SELECTOR = YES;
				GCC_WARN_UNINITIALIZED_AUTOS = YES_AGGRESSIVE;
				GCC_WARN_UNUSED_FUNCTION = YES;
				GCC_WARN_UNUSED_VARIABLE = YES;
				IPHONEOS_DEPLOYMENT_TARGET = 16.4;
				MTL_ENABLE_DEBUG_INFO = NO;
				MTL_FAST_MATH = YES;
				SDKROOT = iphoneos;
				SWIFT_COMPILATION_MODE = wholemodule;
				SWIFT_OPTIMIZATION_LEVEL = "-O";
				VALIDATE_PRODUCT = YES;
			};
			name = Release;
		};
		7CA443502A233AC100070381 /* Debug */ = {
			isa = XCBuildConfiguration;
			baseConfigurationReference = F7FD30DEA2CFFC2F5F0DFFCE /* Pods-TinderClone.debug.xcconfig */;
			buildSettings = {
				ASSETCATALOG_COMPILER_APPICON_NAME = AppIcon;
				ASSETCATALOG_COMPILER_GLOBAL_ACCENT_COLOR_NAME = AccentColor;
				CODE_SIGN_STYLE = Automatic;
				CURRENT_PROJECT_VERSION = 1;
				DEVELOPMENT_TEAM = W6X76DS4Z7;
				GENERATE_INFOPLIST_FILE = YES;
				INFOPLIST_FILE = TinderClone/Info.plist;
				INFOPLIST_KEY_UIApplicationSupportsIndirectInputEvents = YES;
				INFOPLIST_KEY_UILaunchStoryboardName = LaunchScreen;
				INFOPLIST_KEY_UIMainStoryboardFile = Main;
				INFOPLIST_KEY_UISupportedInterfaceOrientations_iPad = "UIInterfaceOrientationPortrait UIInterfaceOrientationPortraitUpsideDown UIInterfaceOrientationLandscapeLeft UIInterfaceOrientationLandscapeRight";
				INFOPLIST_KEY_UISupportedInterfaceOrientations_iPhone = "UIInterfaceOrientationPortrait UIInterfaceOrientationLandscapeLeft UIInterfaceOrientationLandscapeRight";
				IPHONEOS_DEPLOYMENT_TARGET = 13.0;
				LD_RUNPATH_SEARCH_PATHS = (
					"$(inherited)",
					"@executable_path/Frameworks",
				);
				MARKETING_VERSION = 1.0;
				PRODUCT_BUNDLE_IDENTIFIER = com.thekoon.TinderClone;
				PRODUCT_NAME = "$(TARGET_NAME)";
				SWIFT_EMIT_LOC_STRINGS = YES;
				SWIFT_VERSION = 5.0;
				TARGETED_DEVICE_FAMILY = "1,2";
			};
			name = Debug;
		};
		7CA443512A233AC100070381 /* Release */ = {
			isa = XCBuildConfiguration;
			baseConfigurationReference = D7AC1FC0C692F13A879D1DAA /* Pods-TinderClone.release.xcconfig */;
			buildSettings = {
				ASSETCATALOG_COMPILER_APPICON_NAME = AppIcon;
				ASSETCATALOG_COMPILER_GLOBAL_ACCENT_COLOR_NAME = AccentColor;
				CODE_SIGN_STYLE = Automatic;
				CURRENT_PROJECT_VERSION = 1;
				DEVELOPMENT_TEAM = W6X76DS4Z7;
				GENERATE_INFOPLIST_FILE = YES;
				INFOPLIST_FILE = TinderClone/Info.plist;
				INFOPLIST_KEY_UIApplicationSupportsIndirectInputEvents = YES;
				INFOPLIST_KEY_UILaunchStoryboardName = LaunchScreen;
				INFOPLIST_KEY_UIMainStoryboardFile = Main;
				INFOPLIST_KEY_UISupportedInterfaceOrientations_iPad = "UIInterfaceOrientationPortrait UIInterfaceOrientationPortraitUpsideDown UIInterfaceOrientationLandscapeLeft UIInterfaceOrientationLandscapeRight";
				INFOPLIST_KEY_UISupportedInterfaceOrientations_iPhone = "UIInterfaceOrientationPortrait UIInterfaceOrientationLandscapeLeft UIInterfaceOrientationLandscapeRight";
				IPHONEOS_DEPLOYMENT_TARGET = 13.0;
				LD_RUNPATH_SEARCH_PATHS = (
					"$(inherited)",
					"@executable_path/Frameworks",
				);
				MARKETING_VERSION = 1.0;
				PRODUCT_BUNDLE_IDENTIFIER = com.thekoon.TinderClone;
				PRODUCT_NAME = "$(TARGET_NAME)";
				SWIFT_EMIT_LOC_STRINGS = YES;
				SWIFT_VERSION = 5.0;
				TARGETED_DEVICE_FAMILY = "1,2";
			};
			name = Release;
		};
/* End XCBuildConfiguration section */

/* Begin XCConfigurationList section */
		7CA443362A233AC000070381 /* Build configuration list for PBXProject "TinderClone" */ = {
			isa = XCConfigurationList;
			buildConfigurations = (
				7CA4434D2A233AC100070381 /* Debug */,
				7CA4434E2A233AC100070381 /* Release */,
			);
			defaultConfigurationIsVisible = 0;
			defaultConfigurationName = Release;
		};
		7CA4434F2A233AC100070381 /* Build configuration list for PBXNativeTarget "TinderClone" */ = {
			isa = XCConfigurationList;
			buildConfigurations = (
				7CA443502A233AC100070381 /* Debug */,
				7CA443512A233AC100070381 /* Release */,
			);
			defaultConfigurationIsVisible = 0;
			defaultConfigurationName = Release;
		};
/* End XCConfigurationList section */
	};
	rootObject = 7CA443332A233AC000070381 /* Project object */;
}
